{
  "name": "doot-doot-revolution",
  "version": "2.0.0",
  "lockfileVersion": 3,
  "requires": true,
  "packages": {
    "": {
      "name": "doot-doot-revolution",
      "version": "2.0.0",
      "license": "MIT",
      "workspaces": [
        "packages/*",
        "apps/*"
      ],
      "engines": {
        "node": ">=20"
      }
    },
    "apps/ddr": {
      "name": "@doot-games/app-ddr",
      "version": "2.0.0",
      "license": "MIT",
      "dependencies": {
        "@doot-games/analysis": "0.1.0",
        "@doot-games/charter": "0.1.0",
        "@doot-games/core": "0.1.0",
        "@doot-games/dsp": "0.1.0",
        "@doot-games/editor": "0.1.0",
        "@doot-games/engine": "0.1.0",
        "@doot-games/input": "0.1.0",
        "@doot-games/judge": "0.1.0",
        "@doot-games/library": "0.1.0",
        "@doot-games/notefield": "0.1.0",
        "@doot-games/noteskin": "0.1.0",
        "@doot-games/pipeline": "0.1.0",
        "@doot-games/radar": "0.1.0",
        "@doot-games/simfile": "0.1.0",
        "@doot-games/stems": "0.1.0",
        "@doot-games/ui": "0.1.0"
      }
    },
    "node_modules/@doot-games/analysis": {
      "resolved": "packages/analysis",
      "link": true
    },
    "node_modules/@doot-games/app-ddr": {
      "resolved": "apps/ddr",
      "link": true
    },
    "node_modules/@doot-games/charter": {
      "resolved": "packages/charter",
      "link": true
    },
    "node_modules/@doot-games/core": {
      "resolved": "packages/core",
      "link": true
    },
    "node_modules/@doot-games/dsp": {
      "resolved": "packages/dsp",
      "link": true
    },
    "node_modules/@doot-games/editor": {
      "resolved": "packages/editor",
      "link": true
    },
    "node_modules/@doot-games/engine": {
      "resolved": "packages/engine",
      "link": true
    },
    "node_modules/@doot-games/input": {
      "resolved": "packages/input",
      "link": true
    },
    "node_modules/@doot-games/judge": {
      "resolved": "packages/judge",
      "link": true
    },
    "node_modules/@doot-games/library": {
      "resolved": "packages/library",
      "link": true
    },
    "node_modules/@doot-games/notefield": {
      "resolved": "packages/notefield",
      "link": true
    },
    "node_modules/@doot-games/noteskin": {
      "resolved": "packages/noteskin",
      "link": true
    },
    "node_modules/@doot-games/pipeline": {
      "resolved": "packages/pipeline",
      "link": true
    },
    "node_modules/@doot-games/radar": {
      "resolved": "packages/radar",
      "link": true
    },
    "node_modules/@doot-games/simfile": {
      "resolved": "packages/simfile",
      "link": true
    },
    "node_modules/@doot-games/stems": {
      "resolved": "packages/stems",
      "link": true
    },
    "node_modules/@doot-games/ui": {
      "resolved": "packages/ui",
      "link": true
    },
    "packages/analysis": {
      "name": "@doot-games/analysis",
      "version": "0.1.0",
      "license": "MIT",
      "dependencies": {
        "@doot-games/dsp": "0.1.0"
      }
    },
    "packages/charter": {
      "name": "@doot-games/charter",
      "version": "0.1.0",
      "license": "MIT"
    },
    "packages/core": {
      "name": "@doot-games/core",
      "version": "0.1.0",
      "license": "MIT"
    },
    "packages/dsp": {
      "name": "@doot-games/dsp",
      "version": "0.1.0",
      "license": "MIT"
    },
    "packages/editor": {
      "name": "@doot-games/editor",
      "version": "0.1.0",
      "license": "MIT",
      "dependencies": {
        "@doot-games/notefield": "0.1.0",
        "@doot-games/noteskin": "0.1.0"
      }
    },
    "packages/engine": {
      "name": "@doot-games/engine",
      "version": "0.1.0",
      "license": "MIT"
    },
    "packages/input": {
      "name": "@doot-games/input",
      "version": "0.1.0",
      "license": "MIT"
    },
    "packages/judge": {
      "name": "@doot-games/judge",
      "version": "0.1.0",
      "license": "MIT"
    },
    "packages/library": {
      "name": "@doot-games/library",
      "version": "0.1.0",
      "license": "MIT"
    },
    "packages/notefield": {
      "name": "@doot-games/notefield",
      "version": "0.1.0",
      "license": "MIT",
      "dependencies": {
        "@doot-games/noteskin": "0.1.0"
      }
    },
    "packages/noteskin": {
      "name": "@doot-games/noteskin",
      "version": "0.1.0",
      "license": "MIT"
    },
    "packages/pipeline": {
      "name": "@doot-games/pipeline",
      "version": "0.1.0",
      "license": "MIT",
      "dependencies": {
        "@doot-games/analysis": "0.1.0",
        "@doot-games/charter": "0.1.0",
        "@doot-games/stems": "0.1.0"
      }
    },
    "packages/radar": {
      "name": "@doot-games/radar",
      "version": "0.1.0",
      "license": "MIT"
    },
    "packages/simfile": {
      "name": "@doot-games/simfile",
      "version": "0.1.0",
      "license": "MIT"
    },
    "packages/stems": {
      "name": "@doot-games/stems",
      "version": "0.1.0",
      "license": "MIT"
    },
    "packages/ui": {
      "name": "@doot-games/ui",
      "version": "0.1.0",
      "license": "MIT"
    }
  }
}
